// !$*UTF8*$!
{
	archiveVersion = 1;
	classes = {
	};
	objectVersion = 46;
	objects = {

/* Begin PBXBuildFile section */
		406CCC0A19EF73E5007C0217 /* main.m in Sources */ = {isa = PBXBuildFile; fileRef = 406CCC0919EF73E5007C0217 /* main.m */; };
		406CCC0D19EF73E5007C0217 /* AppDelegate.m in Sources */ = {isa = PBXBuildFile; fileRef = 406CCC0C19EF73E5007C0217 /* AppDelegate.m */; };
		406CCC1319EF73E5007C0217 /* Main.storyboard in Resources */ = {isa = PBXBuildFile; fileRef = 406CCC1119EF73E5007C0217 /* Main.storyboard */; };
		406CCC1519EF73E5007C0217 /* Images.xcassets in Resources */ = {isa = PBXBuildFile; fileRef = 406CCC1419EF73E5007C0217 /* Images.xcassets */; };
		406CCC2419EF73E5007C0217 /* TempLoggerTests.m in Sources */ = {isa = PBXBuildFile; fileRef = 406CCC2319EF73E5007C0217 /* TempLoggerTests.m */; };
		406CCC3B19F044A7007C0217 /* MainTableViewController.m in Sources */ = {isa = PBXBuildFile; fileRef = 406CCC3A19F044A7007C0217 /* MainTableViewController.m */; };
		406CCC3E19F05A05007C0217 /* ScanTableViewController.m in Sources */ = {isa = PBXBuildFile; fileRef = 406CCC3D19F05A05007C0217 /* ScanTableViewController.m */; };
		406CCC4C19F09DB6007C0217 /* LogViewController.m in Sources */ = {isa = PBXBuildFile; fileRef = 406CCC4B19F09DB6007C0217 /* LogViewController.m */; };
		40D29D201A270B430048729C /* LogEntry.m in Sources */ = {isa = PBXBuildFile; fileRef = 40D29D1F1A270B430048729C /* LogEntry.m */; };
		40D29D391A2790200048729C /* JBBarChartFooterView.m in Sources */ = {isa = PBXBuildFile; fileRef = 40D29D261A2790200048729C /* JBBarChartFooterView.m */; };
		40D29D3A1A2790200048729C /* JBBarChartView.m in Sources */ = {isa = PBXBuildFile; fileRef = 40D29D281A2790200048729C /* JBBarChartView.m */; };
		40D29D3B1A2790200048729C /* JBBaseChartViewController.m in Sources */ = {isa = PBXBuildFile; fileRef = 40D29D2A1A2790200048729C /* JBBaseChartViewController.m */; };
		40D29D3C1A2790200048729C /* JBBaseViewController.m in Sources */ = {isa = PBXBuildFile; fileRef = 40D29D2C1A2790200048729C /* JBBaseViewController.m */; };
		40D29D3D1A2790200048729C /* JBChartHeaderView.m in Sources */ = {isa = PBXBuildFile; fileRef = 40D29D2E1A2790200048729C /* JBChartHeaderView.m */; };
		40D29D3E1A2790200048729C /* JBChartInformationView.m in Sources */ = {isa = PBXBuildFile; fileRef = 40D29D301A2790200048729C /* JBChartInformationView.m */; };
		40D29D3F1A2790200048729C /* JBChartTooltipTipView.m in Sources */ = {isa = PBXBuildFile; fileRef = 40D29D321A2790200048729C /* JBChartTooltipTipView.m */; };
		40D29D401A2790200048729C /* JBChartTooltipView.m in Sources */ = {isa = PBXBuildFile; fileRef = 40D29D341A2790200048729C /* JBChartTooltipView.m */; };
		40D29D411A2790200048729C /* JBChartView.m in Sources */ = {isa = PBXBuildFile; fileRef = 40D29D361A2790200048729C /* JBChartView.m */; };
		40D29D421A2790200048729C /* JBLineChartView.m in Sources */ = {isa = PBXBuildFile; fileRef = 40D29D381A2790200048729C /* JBLineChartView.m */; };
		85A09D1CB01A032A3D4DF30A /* libPods-TempLogger.a in Frameworks */ = {isa = PBXBuildFile; fileRef = 45574DD43E4D83C58F014373 /* libPods-TempLogger.a */; };
		D06E997D1A0B597E002B3672 /* icon-arrow.png in Resources */ = {isa = PBXBuildFile; fileRef = D06E997B1A0B597E002B3672 /* icon-arrow.png */; };
		D06E997E1A0B597E002B3672 /* icon-arrow@2x.png in Resources */ = {isa = PBXBuildFile; fileRef = D06E997C1A0B597E002B3672 /* icon-arrow@2x.png */; };
		D079C4281A159A79001D6DDE /* StartViewController.m in Sources */ = {isa = PBXBuildFile; fileRef = D079C4271A159A79001D6DDE /* StartViewController.m */; };
/* End PBXBuildFile section */

/* Begin PBXContainerItemProxy section */
		406CCC1E19EF73E5007C0217 /* PBXContainerItemProxy */ = {
			isa = PBXContainerItemProxy;
			containerPortal = 406CCBFC19EF73E5007C0217 /* Project object */;
			proxyType = 1;
			remoteGlobalIDString = 406CCC0319EF73E5007C0217;
			remoteInfo = TempLogger;
		};
/* End PBXContainerItemProxy section */

/* Begin PBXFileReference section */
		406CCC0419EF73E5007C0217 /* TempLogger.app */ = {isa = PBXFileReference; explicitFileType = wrapper.application; includeInIndex = 0; path = TempLogger.app; sourceTree = BUILT_PRODUCTS_DIR; };
		406CCC0819EF73E5007C0217 /* Info.plist */ = {isa = PBXFileReference; lastKnownFileType = text.plist.xml; path = Info.plist; sourceTree = "<group>"; };
		406CCC0919EF73E5007C0217 /* main.m */ = {isa = PBXFileReference; lastKnownFileType = sourcecode.c.objc; path = main.m; sourceTree = "<group>"; };
		406CCC0B19EF73E5007C0217 /* AppDelegate.h */ = {isa = PBXFileReference; lastKnownFileType = sourcecode.c.h; path = AppDelegate.h; sourceTree = "<group>"; };
		406CCC0C19EF73E5007C0217 /* AppDelegate.m */ = {isa = PBXFileReference; lastKnownFileType = sourcecode.c.objc; path = AppDelegate.m; sourceTree = "<group>"; };
		406CCC1219EF73E5007C0217 /* Base */ = {isa = PBXFileReference; lastKnownFileType = file.storyboard; name = Base; path = Base.lproj/Main.storyboard; sourceTree = "<group>"; };
		406CCC1419EF73E5007C0217 /* Images.xcassets */ = {isa = PBXFileReference; lastKnownFileType = folder.assetcatalog; path = Images.xcassets; sourceTree = "<group>"; };
		406CCC1D19EF73E5007C0217 /* TempLoggerTests.xctest */ = {isa = PBXFileReference; explicitFileType = wrapper.cfbundle; includeInIndex = 0; path = TempLoggerTests.xctest; sourceTree = BUILT_PRODUCTS_DIR; };
		406CCC2219EF73E5007C0217 /* Info.plist */ = {isa = PBXFileReference; lastKnownFileType = text.plist.xml; path = Info.plist; sourceTree = "<group>"; };
		406CCC2319EF73E5007C0217 /* TempLoggerTests.m */ = {isa = PBXFileReference; lastKnownFileType = sourcecode.c.objc; path = TempLoggerTests.m; sourceTree = "<group>"; };
		406CCC3919F044A7007C0217 /* MainTableViewController.h */ = {isa = PBXFileReference; fileEncoding = 4; lastKnownFileType = sourcecode.c.h; path = MainTableViewController.h; sourceTree = "<group>"; };
		406CCC3A19F044A7007C0217 /* MainTableViewController.m */ = {isa = PBXFileReference; fileEncoding = 4; lastKnownFileType = sourcecode.c.objc; path = MainTableViewController.m; sourceTree = "<group>"; };
		406CCC3C19F05A05007C0217 /* ScanTableViewController.h */ = {isa = PBXFileReference; fileEncoding = 4; lastKnownFileType = sourcecode.c.h; path = ScanTableViewController.h; sourceTree = "<group>"; };
		406CCC3D19F05A05007C0217 /* ScanTableViewController.m */ = {isa = PBXFileReference; fileEncoding = 4; lastKnownFileType = sourcecode.c.objc; path = ScanTableViewController.m; sourceTree = "<group>"; };
		406CCC4A19F09DB6007C0217 /* LogViewController.h */ = {isa = PBXFileReference; fileEncoding = 4; lastKnownFileType = sourcecode.c.h; path = LogViewController.h; sourceTree = "<group>"; };
		406CCC4B19F09DB6007C0217 /* LogViewController.m */ = {isa = PBXFileReference; fileEncoding = 4; lastKnownFileType = sourcecode.c.objc; path = LogViewController.m; sourceTree = "<group>"; };
		40D29D1E1A270B430048729C /* LogEntry.h */ = {isa = PBXFileReference; fileEncoding = 4; lastKnownFileType = sourcecode.c.h; path = LogEntry.h; sourceTree = "<group>"; };
		40D29D1F1A270B430048729C /* LogEntry.m */ = {isa = PBXFileReference; fileEncoding = 4; lastKnownFileType = sourcecode.c.objc; path = LogEntry.m; sourceTree = "<group>"; };
		40D29D251A2790200048729C /* JBBarChartFooterView.h */ = {isa = PBXFileReference; fileEncoding = 4; lastKnownFileType = sourcecode.c.h; name = JBBarChartFooterView.h; path = JBChartView/JBBarChartFooterView.h; sourceTree = SOURCE_ROOT; };
		40D29D261A2790200048729C /* JBBarChartFooterView.m */ = {isa = PBXFileReference; fileEncoding = 4; lastKnownFileType = sourcecode.c.objc; name = JBBarChartFooterView.m; path = JBChartView/JBBarChartFooterView.m; sourceTree = SOURCE_ROOT; };
		40D29D271A2790200048729C /* JBBarChartView.h */ = {isa = PBXFileReference; fileEncoding = 4; lastKnownFileType = sourcecode.c.h; name = JBBarChartView.h; path = JBChartView/JBBarChartView.h; sourceTree = SOURCE_ROOT; };
		40D29D281A2790200048729C /* JBBarChartView.m */ = {isa = PBXFileReference; fileEncoding = 4; lastKnownFileType = sourcecode.c.objc; name = JBBarChartView.m; path = JBChartView/JBBarChartView.m; sourceTree = SOURCE_ROOT; };
		40D29D291A2790200048729C /* JBBaseChartViewController.h */ = {isa = PBXFileReference; fileEncoding = 4; lastKnownFileType = sourcecode.c.h; name = JBBaseChartViewController.h; path = JBChartView/JBBaseChartViewController.h; sourceTree = SOURCE_ROOT; };
		40D29D2A1A2790200048729C /* JBBaseChartViewController.m */ = {isa = PBXFileReference; fileEncoding = 4; lastKnownFileType = sourcecode.c.objc; name = JBBaseChartViewController.m; path = JBChartView/JBBaseChartViewController.m; sourceTree = SOURCE_ROOT; };
		40D29D2B1A2790200048729C /* JBBaseViewController.h */ = {isa = PBXFileReference; fileEncoding = 4; lastKnownFileType = sourcecode.c.h; name = JBBaseViewController.h; path = JBChartView/JBBaseViewController.h; sourceTree = SOURCE_ROOT; };
		40D29D2C1A2790200048729C /* JBBaseViewController.m */ = {isa = PBXFileReference; fileEncoding = 4; lastKnownFileType = sourcecode.c.objc; name = JBBaseViewController.m; path = JBChartView/JBBaseViewController.m; sourceTree = SOURCE_ROOT; };
		40D29D2D1A2790200048729C /* JBChartHeaderView.h */ = {isa = PBXFileReference; fileEncoding = 4; lastKnownFileType = sourcecode.c.h; name = JBChartHeaderView.h; path = JBChartView/JBChartHeaderView.h; sourceTree = SOURCE_ROOT; };
		40D29D2E1A2790200048729C /* JBChartHeaderView.m */ = {isa = PBXFileReference; fileEncoding = 4; lastKnownFileType = sourcecode.c.objc; name = JBChartHeaderView.m; path = JBChartView/JBChartHeaderView.m; sourceTree = SOURCE_ROOT; };
		40D29D2F1A2790200048729C /* JBChartInformationView.h */ = {isa = PBXFileReference; fileEncoding = 4; lastKnownFileType = sourcecode.c.h; name = JBChartInformationView.h; path = JBChartView/JBChartInformationView.h; sourceTree = SOURCE_ROOT; };
		40D29D301A2790200048729C /* JBChartInformationView.m */ = {isa = PBXFileReference; fileEncoding = 4; lastKnownFileType = sourcecode.c.objc; name = JBChartInformationView.m; path = JBChartView/JBChartInformationView.m; sourceTree = SOURCE_ROOT; };
		40D29D311A2790200048729C /* JBChartTooltipTipView.h */ = {isa = PBXFileReference; fileEncoding = 4; lastKnownFileType = sourcecode.c.h; name = JBChartTooltipTipView.h; path = JBChartView/JBChartTooltipTipView.h; sourceTree = SOURCE_ROOT; };
		40D29D321A2790200048729C /* JBChartTooltipTipView.m */ = {isa = PBXFileReference; fileEncoding = 4; lastKnownFileType = sourcecode.c.objc; name = JBChartTooltipTipView.m; path = JBChartView/JBChartTooltipTipView.m; sourceTree = SOURCE_ROOT; };
		40D29D331A2790200048729C /* JBChartTooltipView.h */ = {isa = PBXFileReference; fileEncoding = 4; lastKnownFileType = sourcecode.c.h; name = JBChartTooltipView.h; path = JBChartView/JBChartTooltipView.h; sourceTree = SOURCE_ROOT; };
		40D29D341A2790200048729C /* JBChartTooltipView.m */ = {isa = PBXFileReference; fileEncoding = 4; lastKnownFileType = sourcecode.c.objc; name = JBChartTooltipView.m; path = JBChartView/JBChartTooltipView.m; sourceTree = SOURCE_ROOT; };
		40D29D351A2790200048729C /* JBChartView.h */ = {isa = PBXFileReference; fileEncoding = 4; lastKnownFileType = sourcecode.c.h; name = JBChartView.h; path = JBChartView/JBChartView.h; sourceTree = SOURCE_ROOT; };
		40D29D361A2790200048729C /* JBChartView.m */ = {isa = PBXFileReference; fileEncoding = 4; lastKnownFileType = sourcecode.c.objc; name = JBChartView.m; path = JBChartView/JBChartView.m; sourceTree = SOURCE_ROOT; };
		40D29D371A2790200048729C /* JBLineChartView.h */ = {isa = PBXFileReference; fileEncoding = 4; lastKnownFileType = sourcecode.c.h; name = JBLineChartView.h; path = JBChartView/JBLineChartView.h; sourceTree = SOURCE_ROOT; };
		40D29D381A2790200048729C /* JBLineChartView.m */ = {isa = PBXFileReference; fileEncoding = 4; lastKnownFileType = sourcecode.c.objc; name = JBLineChartView.m; path = JBChartView/JBLineChartView.m; sourceTree = SOURCE_ROOT; };
		45574DD43E4D83C58F014373 /* libPods-TempLogger.a */ = {isa = PBXFileReference; explicitFileType = archive.ar; includeInIndex = 0; path = "libPods-TempLogger.a"; sourceTree = BUILT_PRODUCTS_DIR; };
		77A4D6DE7CC57588734E2224 /* Pods-TempLogger.debug.xcconfig */ = {isa = PBXFileReference; includeInIndex = 1; lastKnownFileType = text.xcconfig; name = "Pods-TempLogger.debug.xcconfig"; path = "Pods/Target Support Files/Pods-TempLogger/Pods-TempLogger.debug.xcconfig"; sourceTree = "<group>"; };
		D06E994A1A0AEE3C002B3672 /* ColorConstants.h */ = {isa = PBXFileReference; lastKnownFileType = sourcecode.c.h; path = ColorConstants.h; sourceTree = "<group>"; };
		D06E994B1A0AF008002B3672 /* TempLoggerPrefixHeader.pch */ = {isa = PBXFileReference; lastKnownFileType = sourcecode.c.h; path = TempLoggerPrefixHeader.pch; sourceTree = "<group>"; };
		D06E994C1A0AF65F002B3672 /* FontConstants.h */ = {isa = PBXFileReference; lastKnownFileType = sourcecode.c.h; path = FontConstants.h; sourceTree = "<group>"; };
		D06E99711A0B50D2002B3672 /* StringConstants.h */ = {isa = PBXFileReference; lastKnownFileType = sourcecode.c.h; path = StringConstants.h; sourceTree = "<group>"; };
		D06E997B1A0B597E002B3672 /* icon-arrow.png */ = {isa = PBXFileReference; lastKnownFileType = image.png; path = "icon-arrow.png"; sourceTree = "<group>"; };
		D06E997C1A0B597E002B3672 /* icon-arrow@2x.png */ = {isa = PBXFileReference; lastKnownFileType = image.png; path = "icon-arrow@2x.png"; sourceTree = "<group>"; };
		D079C4261A159A79001D6DDE /* StartViewController.h */ = {isa = PBXFileReference; fileEncoding = 4; lastKnownFileType = sourcecode.c.h; path = StartViewController.h; sourceTree = "<group>"; };
		D079C4271A159A79001D6DDE /* StartViewController.m */ = {isa = PBXFileReference; fileEncoding = 4; lastKnownFileType = sourcecode.c.objc; path = StartViewController.m; sourceTree = "<group>"; };
		DB3F54C2BCE8CACC1FAB6A90 /* Pods-TempLogger.release.xcconfig */ = {isa = PBXFileReference; includeInIndex = 1; lastKnownFileType = text.xcconfig; name = "Pods-TempLogger.release.xcconfig"; path = "Pods/Target Support Files/Pods-TempLogger/Pods-TempLogger.release.xcconfig"; sourceTree = "<group>"; };
/* End PBXFileReference section */

/* Begin PBXFrameworksBuildPhase section */
		406CCC0119EF73E5007C0217 /* Frameworks */ = {
			isa = PBXFrameworksBuildPhase;
			buildActionMask = 2147483647;
			files = (
				85A09D1CB01A032A3D4DF30A /* libPods-TempLogger.a in Frameworks */,
			);
			runOnlyForDeploymentPostprocessing = 0;
		};
		406CCC1A19EF73E5007C0217 /* Frameworks */ = {
			isa = PBXFrameworksBuildPhase;
			buildActionMask = 2147483647;
			files = (
			);
			runOnlyForDeploymentPostprocessing = 0;
		};
/* End PBXFrameworksBuildPhase section */

/* Begin PBXGroup section */
		38E48DE3A2C7B0C3E6FBD5C1 /* Pods */ = {
			isa = PBXGroup;
			children = (
				77A4D6DE7CC57588734E2224 /* Pods-TempLogger.debug.xcconfig */,
				DB3F54C2BCE8CACC1FAB6A90 /* Pods-TempLogger.release.xcconfig */,
			);
			name = Pods;
			sourceTree = "<group>";
		};
		406CCBFB19EF73E5007C0217 = {
			isa = PBXGroup;
			children = (
				406CCC4D19F0AE55007C0217 /* JBChartView */,
				406CCC0619EF73E5007C0217 /* TempLogger */,
				406CCC2019EF73E5007C0217 /* TempLoggerTests */,
				406CCC2D19EF73F6007C0217 /* Frameworks */,
				406CCC0519EF73E5007C0217 /* Products */,
				38E48DE3A2C7B0C3E6FBD5C1 /* Pods */,
			);
			sourceTree = "<group>";
		};
		406CCC0519EF73E5007C0217 /* Products */ = {
			isa = PBXGroup;
			children = (
				406CCC0419EF73E5007C0217 /* TempLogger.app */,
				406CCC1D19EF73E5007C0217 /* TempLoggerTests.xctest */,
			);
			name = Products;
			sourceTree = "<group>";
		};
		406CCC0619EF73E5007C0217 /* TempLogger */ = {
			isa = PBXGroup;
			children = (
				D06E994A1A0AEE3C002B3672 /* ColorConstants.h */,
				D06E994C1A0AF65F002B3672 /* FontConstants.h */,
				D06E99711A0B50D2002B3672 /* StringConstants.h */,
				40D29D1E1A270B430048729C /* LogEntry.h */,
				40D29D1F1A270B430048729C /* LogEntry.m */,
				406CCC0B19EF73E5007C0217 /* AppDelegate.h */,
				406CCC0C19EF73E5007C0217 /* AppDelegate.m */,
				406CCC3919F044A7007C0217 /* MainTableViewController.h */,
				406CCC3A19F044A7007C0217 /* MainTableViewController.m */,
				406CCC3C19F05A05007C0217 /* ScanTableViewController.h */,
				406CCC3D19F05A05007C0217 /* ScanTableViewController.m */,
				406CCC4A19F09DB6007C0217 /* LogViewController.h */,
				406CCC4B19F09DB6007C0217 /* LogViewController.m */,
				D079C4261A159A79001D6DDE /* StartViewController.h */,
				D079C4271A159A79001D6DDE /* StartViewController.m */,
				406CCC1119EF73E5007C0217 /* Main.storyboard */,
				406CCC1419EF73E5007C0217 /* Images.xcassets */,
				406CCC0719EF73E5007C0217 /* Supporting Files */,
			);
			path = TempLogger;
			sourceTree = "<group>";
		};
		406CCC0719EF73E5007C0217 /* Supporting Files */ = {
			isa = PBXGroup;
			children = (
				D06E997B1A0B597E002B3672 /* icon-arrow.png */,
				D06E997C1A0B597E002B3672 /* icon-arrow@2x.png */,
				406CCC0819EF73E5007C0217 /* Info.plist */,
				406CCC0919EF73E5007C0217 /* main.m */,
				D06E994B1A0AF008002B3672 /* TempLoggerPrefixHeader.pch */,
			);
			name = "Supporting Files";
			sourceTree = "<group>";
		};
		406CCC2019EF73E5007C0217 /* TempLoggerTests */ = {
			isa = PBXGroup;
			children = (
				406CCC2319EF73E5007C0217 /* TempLoggerTests.m */,
				406CCC2119EF73E5007C0217 /* Supporting Files */,
			);
			path = TempLoggerTests;
			sourceTree = SOURCE_ROOT;
		};
		406CCC2119EF73E5007C0217 /* Supporting Files */ = {
			isa = PBXGroup;
			children = (
				406CCC2219EF73E5007C0217 /* Info.plist */,
			);
			name = "Supporting Files";
			sourceTree = "<group>";
		};
		406CCC2D19EF73F6007C0217 /* Frameworks */ = {
			isa = PBXGroup;
			children = (
				45574DD43E4D83C58F014373 /* libPods-TempLogger.a */,
			);
			name = Frameworks;
			sourceTree = "<group>";
		};
		406CCC4D19F0AE55007C0217 /* JBChartView */ = {
			isa = PBXGroup;
			children = (
				40D29D251A2790200048729C /* JBBarChartFooterView.h */,
				40D29D261A2790200048729C /* JBBarChartFooterView.m */,
				40D29D271A2790200048729C /* JBBarChartView.h */,
				40D29D281A2790200048729C /* JBBarChartView.m */,
				40D29D291A2790200048729C /* JBBaseChartViewController.h */,
				40D29D2A1A2790200048729C /* JBBaseChartViewController.m */,
				40D29D2B1A2790200048729C /* JBBaseViewController.h */,
				40D29D2C1A2790200048729C /* JBBaseViewController.m */,
				40D29D2D1A2790200048729C /* JBChartHeaderView.h */,
				40D29D2E1A2790200048729C /* JBChartHeaderView.m */,
				40D29D2F1A2790200048729C /* JBChartInformationView.h */,
				40D29D301A2790200048729C /* JBChartInformationView.m */,
				40D29D311A2790200048729C /* JBChartTooltipTipView.h */,
				40D29D321A2790200048729C /* JBChartTooltipTipView.m */,
				40D29D331A2790200048729C /* JBChartTooltipView.h */,
				40D29D341A2790200048729C /* JBChartTooltipView.m */,
				40D29D351A2790200048729C /* JBChartView.h */,
				40D29D361A2790200048729C /* JBChartView.m */,
				40D29D371A2790200048729C /* JBLineChartView.h */,
				40D29D381A2790200048729C /* JBLineChartView.m */,
			);
			name = JBChartView;
			path = Classes;
			sourceTree = "<group>";
		};
/* End PBXGroup section */

/* Begin PBXNativeTarget section */
		406CCC0319EF73E5007C0217 /* TempLogger */ = {
			isa = PBXNativeTarget;
			buildConfigurationList = 406CCC2719EF73E5007C0217 /* Build configuration list for PBXNativeTarget "TempLogger" */;
			buildPhases = (
				8CF96D8011D8181A20FE61D5 /* Check Pods Manifest.lock */,
				406CCC0019EF73E5007C0217 /* Sources */,
				406CCC0119EF73E5007C0217 /* Frameworks */,
				406CCC0219EF73E5007C0217 /* Resources */,
				870B0ADF119C0235466D0077 /* Copy Pods Resources */,
			);
			buildRules = (
			);
			dependencies = (
			);
			name = TempLogger;
			productName = TempLogger;
			productReference = 406CCC0419EF73E5007C0217 /* TempLogger.app */;
			productType = "com.apple.product-type.application";
		};
		406CCC1C19EF73E5007C0217 /* TempLoggerTests */ = {
			isa = PBXNativeTarget;
			buildConfigurationList = 406CCC2A19EF73E5007C0217 /* Build configuration list for PBXNativeTarget "TempLoggerTests" */;
			buildPhases = (
				406CCC1919EF73E5007C0217 /* Sources */,
				406CCC1A19EF73E5007C0217 /* Frameworks */,
				406CCC1B19EF73E5007C0217 /* Resources */,
			);
			buildRules = (
			);
			dependencies = (
				406CCC1F19EF73E5007C0217 /* PBXTargetDependency */,
			);
			name = TempLoggerTests;
			productName = TempLoggerTests;
			productReference = 406CCC1D19EF73E5007C0217 /* TempLoggerTests.xctest */;
			productType = "com.apple.product-type.bundle.unit-test";
		};
/* End PBXNativeTarget section */

/* Begin PBXProject section */
		406CCBFC19EF73E5007C0217 /* Project object */ = {
			isa = PBXProject;
			attributes = {
				LastUpgradeCheck = 0610;
				ORGANIZATIONNAME = "MbientLab Inc.";
				TargetAttributes = {
					406CCC0319EF73E5007C0217 = {
						CreatedOnToolsVersion = 6.0.1;
					};
					406CCC1C19EF73E5007C0217 = {
						CreatedOnToolsVersion = 6.0.1;
						TestTargetID = 406CCC0319EF73E5007C0217;
					};
				};
			};
			buildConfigurationList = 406CCBFF19EF73E5007C0217 /* Build configuration list for PBXProject "TempLogger" */;
			compatibilityVersion = "Xcode 3.2";
			developmentRegion = English;
			hasScannedForEncodings = 0;
			knownRegions = (
				en,
				Base,
			);
			mainGroup = 406CCBFB19EF73E5007C0217;
			productRefGroup = 406CCC0519EF73E5007C0217 /* Products */;
			projectDirPath = "";
			projectRoot = "";
			targets = (
				406CCC0319EF73E5007C0217 /* TempLogger */,
				406CCC1C19EF73E5007C0217 /* TempLoggerTests */,
			);
		};
/* End PBXProject section */

/* Begin PBXResourcesBuildPhase section */
		406CCC0219EF73E5007C0217 /* Resources */ = {
			isa = PBXResourcesBuildPhase;
			buildActionMask = 2147483647;
			files = (
				406CCC1319EF73E5007C0217 /* Main.storyboard in Resources */,
				D06E997D1A0B597E002B3672 /* icon-arrow.png in Resources */,
				406CCC1519EF73E5007C0217 /* Images.xcassets in Resources */,
				D06E997E1A0B597E002B3672 /* icon-arrow@2x.png in Resources */,
			);
			runOnlyForDeploymentPostprocessing = 0;
		};
		406CCC1B19EF73E5007C0217 /* Resources */ = {
			isa = PBXResourcesBuildPhase;
			buildActionMask = 2147483647;
			files = (
			);
			runOnlyForDeploymentPostprocessing = 0;
		};
/* End PBXResourcesBuildPhase section */

/* Begin PBXShellScriptBuildPhase section */
		870B0ADF119C0235466D0077 /* Copy Pods Resources */ = {
			isa = PBXShellScriptBuildPhase;
			buildActionMask = 2147483647;
			files = (
			);
			inputPaths = (
			);
			name = "Copy Pods Resources";
			outputPaths = (
			);
			runOnlyForDeploymentPostprocessing = 0;
			shellPath = /bin/sh;
			shellScript = "\"${SRCROOT}/Pods/Target Support Files/Pods-TempLogger/Pods-TempLogger-resources.sh\"\n";
			showEnvVarsInLog = 0;
		};
		8CF96D8011D8181A20FE61D5 /* Check Pods Manifest.lock */ = {
			isa = PBXShellScriptBuildPhase;
			buildActionMask = 2147483647;
			files = (
			);
			inputPaths = (
			);
			name = "Check Pods Manifest.lock";
			outputPaths = (
			);
			runOnlyForDeploymentPostprocessing = 0;
			shellPath = /bin/sh;
			shellScript = "diff \"${PODS_ROOT}/../Podfile.lock\" \"${PODS_ROOT}/Manifest.lock\" > /dev/null\nif [[ $? != 0 ]] ; then\n    cat << EOM\nerror: The sandbox is not in sync with the Podfile.lock. Run 'pod install' or update your CocoaPods installation.\nEOM\n    exit 1\nfi\n";
			showEnvVarsInLog = 0;
		};
/* End PBXShellScriptBuildPhase section */

/* Begin PBXSourcesBuildPhase section */
		406CCC0019EF73E5007C0217 /* Sources */ = {
			isa = PBXSourcesBuildPhase;
			buildActionMask = 2147483647;
			files = (
				40D29D3E1A2790200048729C /* JBChartInformationView.m in Sources */,
				40D29D411A2790200048729C /* JBChartView.m in Sources */,
				40D29D391A2790200048729C /* JBBarChartFooterView.m in Sources */,
				40D29D3F1A2790200048729C /* JBChartTooltipTipView.m in Sources */,
				406CCC3B19F044A7007C0217 /* MainTableViewController.m in Sources */,
				40D29D3D1A2790200048729C /* JBChartHeaderView.m in Sources */,
				40D29D3A1A2790200048729C /* JBBarChartView.m in Sources */,
				406CCC3E19F05A05007C0217 /* ScanTableViewController.m in Sources */,
				40D29D3B1A2790200048729C /* JBBaseChartViewController.m in Sources */,
				406CCC0D19EF73E5007C0217 /* AppDelegate.m in Sources */,
				40D29D401A2790200048729C /* JBChartTooltipView.m in Sources */,
				40D29D421A2790200048729C /* JBLineChartView.m in Sources */,
				40D29D201A270B430048729C /* LogEntry.m in Sources */,
				406CCC0A19EF73E5007C0217 /* main.m in Sources */,
				406CCC4C19F09DB6007C0217 /* LogViewController.m in Sources */,
				40D29D3C1A2790200048729C /* JBBaseViewController.m in Sources */,
				D079C4281A159A79001D6DDE /* StartViewController.m in Sources */,
			);
			runOnlyForDeploymentPostprocessing = 0;
		};
		406CCC1919EF73E5007C0217 /* Sources */ = {
			isa = PBXSourcesBuildPhase;
			buildActionMask = 2147483647;
			files = (
				406CCC2419EF73E5007C0217 /* TempLoggerTests.m in Sources */,
			);
			runOnlyForDeploymentPostprocessing = 0;
		};
/* End PBXSourcesBuildPhase section */

/* Begin PBXTargetDependency section */
		406CCC1F19EF73E5007C0217 /* PBXTargetDependency */ = {
			isa = PBXTargetDependency;
			target = 406CCC0319EF73E5007C0217 /* TempLogger */;
			targetProxy = 406CCC1E19EF73E5007C0217 /* PBXContainerItemProxy */;
		};
/* End PBXTargetDependency section */

/* Begin PBXVariantGroup section */
		406CCC1119EF73E5007C0217 /* Main.storyboard */ = {
			isa = PBXVariantGroup;
			children = (
				406CCC1219EF73E5007C0217 /* Base */,
			);
			name = Main.storyboard;
			sourceTree = "<group>";
		};
/* End PBXVariantGroup section */

/* Begin XCBuildConfiguration section */
		406CCC2519EF73E5007C0217 /* Debug */ = {
			isa = XCBuildConfiguration;
			buildSettings = {
				ALWAYS_SEARCH_USER_PATHS = NO;
				CLANG_CXX_LANGUAGE_STANDARD = "gnu++0x";
				CLANG_CXX_LIBRARY = "libc++";
				CLANG_ENABLE_MODULES = YES;
				CLANG_ENABLE_OBJC_ARC = YES;
				CLANG_WARN_BOOL_CONVERSION = YES;
				CLANG_WARN_CONSTANT_CONVERSION = YES;
				CLANG_WARN_DIRECT_OBJC_ISA_USAGE = YES_ERROR;
				CLANG_WARN_EMPTY_BODY = YES;
				CLANG_WARN_ENUM_CONVERSION = YES;
				CLANG_WARN_INT_CONVERSION = YES;
				CLANG_WARN_OBJC_ROOT_CLASS = YES_ERROR;
				CLANG_WARN_UNREACHABLE_CODE = YES;
				CLANG_WARN__DUPLICATE_METHOD_MATCH = YES;
				"CODE_SIGN_IDENTITY[sdk=iphoneos*]" = "iPhone Developer";
				COPY_PHASE_STRIP = NO;
				ENABLE_STRICT_OBJC_MSGSEND = YES;
				GCC_C_LANGUAGE_STANDARD = gnu99;
				GCC_DYNAMIC_NO_PIC = NO;
				GCC_OPTIMIZATION_LEVEL = 0;
				GCC_PREPROCESSOR_DEFINITIONS = (
					"DEBUG=1",
					"$(inherited)",
				);
				GCC_SYMBOLS_PRIVATE_EXTERN = NO;
				GCC_WARN_64_TO_32_BIT_CONVERSION = YES;
				GCC_WARN_ABOUT_RETURN_TYPE = YES_ERROR;
				GCC_WARN_UNDECLARED_SELECTOR = YES;
				GCC_WARN_UNINITIALIZED_AUTOS = YES_AGGRESSIVE;
				GCC_WARN_UNUSED_FUNCTION = YES;
				GCC_WARN_UNUSED_VARIABLE = YES;
				IPHONEOS_DEPLOYMENT_TARGET = 7.1;
				MTL_ENABLE_DEBUG_INFO = YES;
				ONLY_ACTIVE_ARCH = YES;
				SDKROOT = iphoneos;
			};
			name = Debug;
		};
		406CCC2619EF73E5007C0217 /* Release */ = {
			isa = XCBuildConfiguration;
			buildSettings = {
				ALWAYS_SEARCH_USER_PATHS = NO;
				CLANG_CXX_LANGUAGE_STANDARD = "gnu++0x";
				CLANG_CXX_LIBRARY = "libc++";
				CLANG_ENABLE_MODULES = YES;
				CLANG_ENABLE_OBJC_ARC = YES;
				CLANG_WARN_BOOL_CONVERSION = YES;
				CLANG_WARN_CONSTANT_CONVERSION = YES;
				CLANG_WARN_DIRECT_OBJC_ISA_USAGE = YES_ERROR;
				CLANG_WARN_EMPTY_BODY = YES;
				CLANG_WARN_ENUM_CONVERSION = YES;
				CLANG_WARN_INT_CONVERSION = YES;
				CLANG_WARN_OBJC_ROOT_CLASS = YES_ERROR;
				CLANG_WARN_UNREACHABLE_CODE = YES;
				CLANG_WARN__DUPLICATE_METHOD_MATCH = YES;
				"CODE_SIGN_IDENTITY[sdk=iphoneos*]" = "iPhone Developer";
				COPY_PHASE_STRIP = YES;
				ENABLE_NS_ASSERTIONS = NO;
				ENABLE_STRICT_OBJC_MSGSEND = YES;
				GCC_C_LANGUAGE_STANDARD = gnu99;
				GCC_WARN_64_TO_32_BIT_CONVERSION = YES;
				GCC_WARN_ABOUT_RETURN_TYPE = YES_ERROR;
				GCC_WARN_UNDECLARED_SELECTOR = YES;
				GCC_WARN_UNINITIALIZED_AUTOS = YES_AGGRESSIVE;
				GCC_WARN_UNUSED_FUNCTION = YES;
				GCC_WARN_UNUSED_VARIABLE = YES;
				IPHONEOS_DEPLOYMENT_TARGET = 7.1;
				MTL_ENABLE_DEBUG_INFO = NO;
				SDKROOT = iphoneos;
				VALIDATE_PRODUCT = YES;
			};
			name = Release;
		};
		406CCC2819EF73E5007C0217 /* Debug */ = {
			isa = XCBuildConfiguration;
			baseConfigurationReference = 77A4D6DE7CC57588734E2224 /* Pods-TempLogger.debug.xcconfig */;
			buildSettings = {
				ASSETCATALOG_COMPILER_APPICON_NAME = AppIcon;
				ASSETCATALOG_COMPILER_LAUNCHIMAGE_NAME = LaunchImage;
				CODE_SIGN_IDENTITY = "iPhone Developer";
				FRAMEWORK_SEARCH_PATHS = (
					"$(inherited)",
					"$(PROJECT_DIR)",
				);
				GCC_PREFIX_HEADER = TempLogger/TempLoggerPrefixHeader.pch;
				INFOPLIST_FILE = TempLogger/Info.plist;
				IPHONEOS_DEPLOYMENT_TARGET = 7.1;
				LD_RUNPATH_SEARCH_PATHS = "$(inherited) @executable_path/Frameworks";
				ONLY_ACTIVE_ARCH = YES;
				PRODUCT_NAME = "$(TARGET_NAME)";
				TARGETED_DEVICE_FAMILY = 1;
				VALID_ARCHS = "arm64 armv7 armv7s";
			};
			name = Debug;
		};
		406CCC2919EF73E5007C0217 /* Release */ = {
			isa = XCBuildConfiguration;
			baseConfigurationReference = DB3F54C2BCE8CACC1FAB6A90 /* Pods-TempLogger.release.xcconfig */;
			buildSettings = {
				ASSETCATALOG_COMPILER_APPICON_NAME = AppIcon;
				ASSETCATALOG_COMPILER_LAUNCHIMAGE_NAME = LaunchImage;
				CODE_SIGN_IDENTITY = "iPhone Developer";
				FRAMEWORK_SEARCH_PATHS = (
					"$(inherited)",
					"$(PROJECT_DIR)",
				);
				GCC_PREFIX_HEADER = TempLogger/TempLoggerPrefixHeader.pch;
				INFOPLIST_FILE = TempLogger/Info.plist;
				IPHONEOS_DEPLOYMENT_TARGET = 7.1;
				LD_RUNPATH_SEARCH_PATHS = "$(inherited) @executable_path/Frameworks";
				ONLY_ACTIVE_ARCH = NO;
				PRODUCT_NAME = "$(TARGET_NAME)";
				TARGETED_DEVICE_FAMILY = 1;
				VALID_ARCHS = "arm64 armv7 armv7s";
			};
			name = Release;
		};
		406CCC2B19EF73E5007C0217 /* Debug */ = {
			isa = XCBuildConfiguration;
			buildSettings = {
				BUNDLE_LOADER = "$(TEST_HOST)";
				FRAMEWORK_SEARCH_PATHS = (
					"$(SDKROOT)/Developer/Library/Frameworks",
					"$(inherited)",
				);
				GCC_PREPROCESSOR_DEFINITIONS = (
					"DEBUG=1",
					"$(inherited)",
				);
				INFOPLIST_FILE = TempLoggerTests/Info.plist;
				LD_RUNPATH_SEARCH_PATHS = "$(inherited) @executable_path/Frameworks @loader_path/Frameworks";
				PRODUCT_NAME = "$(TARGET_NAME)";
				TEST_HOST = "$(BUILT_PRODUCTS_DIR)/TempLogger.app/TempLogger";
			};
			name = Debug;
		};
		406CCC2C19EF73E5007C0217 /* Release */ = {
			isa = XCBuildConfiguration;
			buildSettings = {
				BUNDLE_LOADER = "$(TEST_HOST)";
				FRAMEWORK_SEARCH_PATHS = (
					"$(SDKROOT)/Developer/Library/Frameworks",
					"$(inherited)",
				);
				INFOPLIST_FILE = TempLoggerTests/Info.plist;
				LD_RUNPATH_SEARCH_PATHS = "$(inherited) @executable_path/Frameworks @loader_path/Frameworks";
				PRODUCT_NAME = "$(TARGET_NAME)";
				TEST_HOST = "$(BUILT_PRODUCTS_DIR)/TempLogger.app/TempLogger";
			};
			name = Release;
		};
/* End XCBuildConfiguration section */

/* Begin XCConfigurationList section */
		406CCBFF19EF73E5007C0217 /* Build configuration list for PBXProject "TempLogger" */ = {
			isa = XCConfigurationList;
			buildConfigurations = (
				406CCC2519EF73E5007C0217 /* Debug */,
				406CCC2619EF73E5007C0217 /* Release */,
			);
			defaultConfigurationIsVisible = 0;
			defaultConfigurationName = Release;
		};
		406CCC2719EF73E5007C0217 /* Build configuration list for PBXNativeTarget "TempLogger" */ = {
			isa = XCConfigurationList;
			buildConfigurations = (
				406CCC2819EF73E5007C0217 /* Debug */,
				406CCC2919EF73E5007C0217 /* Release */,
			);
			defaultConfigurationIsVisible = 0;
			defaultConfigurationName = Release;
		};
		406CCC2A19EF73E5007C0217 /* Build configuration list for PBXNativeTarget "TempLoggerTests" */ = {
			isa = XCConfigurationList;
			buildConfigurations = (
				406CCC2B19EF73E5007C0217 /* Debug */,
				406CCC2C19EF73E5007C0217 /* Release */,
			);
			defaultConfigurationIsVisible = 0;
			defaultConfigurationName = Release;
		};
/* End XCConfigurationList section */
	};
	rootObject = 406CCBFC19EF73E5007C0217 /* Project object */;
}
